
Microsoft Visual Studio Solution File, Format Version 12.00
# Visual Studio 15
VisualStudioVersion = 15.0.26403.7
MinimumVisualStudioVersion = 10.0.40219.1
Project("{FAE04EC0-301F-11D3-BF4B-00C04F79EFBC}") = "MadScientistLab", "MadScientistLab\MadScientistLab.csproj", "{6A896A90-D48C-4BEA-9820-9BD1AEE81B93}"
EndProject
Project("{FAE04EC0-301F-11D3-BF4B-00C04F79EFBC}") = "MadScientistLab.Tests", "MadScientistLab.Tests\MadScientistLab.Tests.csproj", "{576FF53E-A4DA-4FD1-A10C-4A45A620CBCA}"
EndProject
Project("{FAE04EC0-301F-11D3-BF4B-00C04F79EFBC}") = "MadScientistLab.Api", "MadScientistLab.Api\MadScientistLab.Api.csproj", "{C49A5257-B011-4454-B692-6C4F4B5390D7}"
EndProject
Project("{FAE04EC0-301F-11D3-BF4B-00C04F79EFBC}") = "MadScientistLab.Laboratory", "MadScientistLab.Laboratory\MadScientistLab.Laboratory.csproj", "{005B101C-0D54-4474-87C0-0BF6FCD8E667}"
EndProject
Global
	GlobalSection(SolutionConfigurationPlatforms) = preSolution
		Debug|Any CPU = Debug|Any CPU
		Release|Any CPU = Release|Any CPU
	EndGlobalSection
	GlobalSection(ProjectConfigurationPlatforms) = postSolution
		{6A896A90-D48C-4BEA-9820-9BD1AEE81B93}.Debug|Any CPU.ActiveCfg = Debug|Any CPU
		{6A896A90-D48C-4BEA-9820-9BD1AEE81B93}.Debug|Any CPU.Build.0 = Debug|Any CPU
		{6A896A90-D48C-4BEA-9820-9BD1AEE81B93}.Release|Any CPU.ActiveCfg = Release|Any CPU
		{6A896A90-D48C-4BEA-9820-9BD1AEE81B93}.Release|Any CPU.Build.0 = Release|Any CPU
		{576FF53E-A4DA-4FD1-A10C-4A45A620CBCA}.Debug|Any CPU.ActiveCfg = Debug|Any CPU
		{576FF53E-A4DA-4FD1-A10C-4A45A620CBCA}.Debug|Any CPU.Build.0 = Debug|Any CPU
		{576FF53E-A4DA-4FD1-A10C-4A45A620CBCA}.Release|Any CPU.ActiveCfg = Release|Any CPU
		{576FF53E-A4DA-4FD1-A10C-4A45A620CBCA}.Release|Any CPU.Build.0 = Release|Any CPU
		{C49A5257-B011-4454-B692-6C4F4B5390D7}.Debug|Any CPU.ActiveCfg = Debug|Any CPU
		{C49A5257-B011-4454-B692-6C4F4B5390D7}.Debug|Any CPU.Build.0 = Debug|Any CPU
		{C49A5257-B011-4454-B692-6C4F4B5390D7}.Release|Any CPU.ActiveCfg = Release|Any CPU
		{C49A5257-B011-4454-B692-6C4F4B5390D7}.Release|Any CPU.Build.0 = Release|Any CPU
		{005B101C-0D54-4474-87C0-0BF6FCD8E667}.Debug|Any CPU.ActiveCfg = Debug|Any CPU
		{005B101C-0D54-4474-87C0-0BF6FCD8E667}.Debug|Any CPU.Build.0 = Debug|Any CPU
		{005B101C-0D54-4474-87C0-0BF6FCD8E667}.Release|Any CPU.ActiveCfg = Release|Any CPU
		{005B101C-0D54-4474-87C0-0BF6FCD8E667}.Release|Any CPU.Build.0 = Release|Any CPU
	EndGlobalSection
	GlobalSection(SolutionProperties) = preSolution
		HideSolutionNode = FALSE
	EndGlobalSection
EndGlobal
